
Microsoft Visual Studio Solution File, Format Version 12.00
# Visual Studio Version 17
VisualStudioVersion = 17.11.35222.181
MinimumVisualStudioVersion = 10.0.40219.1
Project("{FAE04EC0-301F-11D3-BF4B-00C04F79EFBC}") = "Examen03Codigo", "Examen03Codigo.csproj", "{9AA1A013-7581-4B14-87E7-9DE7341228EE}"
EndProject
Global
	GlobalSection(SolutionConfigurationPlatforms) = preSolution
		Debug|Any CPU = Debug|Any CPU
		Release|Any CPU = Release|Any CPU
	EndGlobalSection
	GlobalSection(ProjectConfigurationPlatforms) = postSolution
		{9AA1A013-7581-4B14-87E7-9DE7341228EE}.Debug|Any CPU.ActiveCfg = Debug|Any CPU
		{9AA1A013-7581-4B14-87E7-9DE7341228EE}.Debug|Any CPU.Build.0 = Debug|Any CPU
		{9AA1A013-7581-4B14-87E7-9DE7341228EE}.Release|Any CPU.ActiveCfg = Release|Any CPU
		{9AA1A013-7581-4B14-87E7-9DE7341228EE}.Release|Any CPU.Build.0 = Release|Any CPU
	EndGlobalSection
	GlobalSection(SolutionProperties) = preSolution
		HideSolutionNode = FALSE
	EndGlobalSection
	GlobalSection(ExtensibilityGlobals) = postSolution
		SolutionGuid = {F747C5C9-640A-4FA1-8052-069272E09E43}
	EndGlobalSection
EndGlobal
